
Microsoft Visual Studio Solution File, Format Version 12.00
# Visual Studio Version 17
VisualStudioVersion = 17.3.32929.385
MinimumVisualStudioVersion = 10.0.40219.1
Project("{8BC9CEB8-8B4A-11D0-8D11-00A0C91BC942}") = "example_OOP_181122_1", "example_OOP_181122_1\example_OOP_181122_1.vcxproj", "{A854E88E-5D25-4064-A51B-4A339ACE9E94}"
EndProject
Project("{8BC9CEB8-8B4A-11D0-8D11-00A0C91BC942}") = "example_OOP_181122_2", "example_OOP_181122_2\example_OOP_181122_2.vcxproj", "{A70D51D5-1F15-41DF-B76A-0983CC7524B6}"
EndProject
Global
	GlobalSection(SolutionConfigurationPlatforms) = preSolution
		Debug|x64 = Debug|x64
		Debug|x86 = Debug|x86
		Release|x64 = Release|x64
		Release|x86 = Release|x86
	EndGlobalSection
	GlobalSection(ProjectConfigurationPlatforms) = postSolution
		{A854E88E-5D25-4064-A51B-4A339ACE9E94}.Debug|x64.ActiveCfg = Debug|x64
		{A854E88E-5D25-4064-A51B-4A339ACE9E94}.Debug|x64.Build.0 = Debug|x64
		{A854E88E-5D25-4064-A51B-4A339ACE9E94}.Debug|x86.ActiveCfg = Debug|Win32
		{A854E88E-5D25-4064-A51B-4A339ACE9E94}.Debug|x86.Build.0 = Debug|Win32
		{A854E88E-5D25-4064-A51B-4A339ACE9E94}.Release|x64.ActiveCfg = Release|x64
		{A854E88E-5D25-4064-A51B-4A339ACE9E94}.Release|x64.Build.0 = Release|x64
		{A854E88E-5D25-4064-A51B-4A339ACE9E94}.Release|x86.ActiveCfg = Release|Win32
		{A854E88E-5D25-4064-A51B-4A339ACE9E94}.Release|x86.Build.0 = Release|Win32
		{A70D51D5-1F15-41DF-B76A-0983CC7524B6}.Debug|x64.ActiveCfg = Debug|x64
		{A70D51D5-1F15-41DF-B76A-0983CC7524B6}.Debug|x64.Build.0 = Debug|x64
		{A70D51D5-1F15-41DF-B76A-0983CC7524B6}.Debug|x86.ActiveCfg = Debug|Win32
		{A70D51D5-1F15-41DF-B76A-0983CC7524B6}.Debug|x86.Build.0 = Debug|Win32
		{A70D51D5-1F15-41DF-B76A-0983CC7524B6}.Release|x64.ActiveCfg = Release|x64
		{A70D51D5-1F15-41DF-B76A-0983CC7524B6}.Release|x64.Build.0 = Release|x64
		{A70D51D5-1F15-41DF-B76A-0983CC7524B6}.Release|x86.ActiveCfg = Release|Win32
		{A70D51D5-1F15-41DF-B76A-0983CC7524B6}.Release|x86.Build.0 = Release|Win32
	EndGlobalSection
	GlobalSection(SolutionProperties) = preSolution
		HideSolutionNode = FALSE
	EndGlobalSection
	GlobalSection(ExtensibilityGlobals) = postSolution
		SolutionGuid = {AADB1996-B1CA-4F70-AC8E-226BB05AB555}
	EndGlobalSection
EndGlobal
